
Microsoft Visual Studio Solution File, Format Version 12.00
# Visual Studio Version 17
VisualStudioVersion = 17.14.36212.18
MinimumVisualStudioVersion = 10.0.40219.1
Project("{2150E333-8FDC-42A3-9474-1A3956D46DE8}") = "Adapter", "Adapter", "{02EA681E-C7D8-13C7-8484-4AC65E1B71E8}"
EndProject
Project("{2150E333-8FDC-42A3-9474-1A3956D46DE8}") = "Ducks", "Ducks", "{41AA48A3-462F-46C1-86A5-7385AE65C445}"
EndProject
Project("{8BC9CEB8-8B4A-11D0-8D11-00A0C91BC942}") = "Ducks", "Adapter\Ducks\Ducks.vcxproj", "{F3F100E1-096F-48DF-A0C6-DCE1C8FABD4E}"
EndProject
Project("{2150E333-8FDC-42A3-9474-1A3956D46DE8}") = "Bridge", "Bridge", "{9FB6D879-EE32-41C5-9CA4-8979EFCA7753}"
EndProject
Project("{2150E333-8FDC-42A3-9474-1A3956D46DE8}") = "Remotes", "Remotes", "{252E51FB-DC6C-42D6-9343-988DC29C72A7}"
EndProject
Project("{8BC9CEB8-8B4A-11D0-8D11-00A0C91BC942}") = "Remotes", "Bridge\Remotes\Remotes.vcxproj", "{CC5CBD0A-40C6-42E5-ADE9-685FF8EAE914}"
EndProject
Project("{2150E333-8FDC-42A3-9474-1A3956D46DE8}") = "Builder", "Builder", "{83E61AD8-B554-4A14-9E9D-7880BCFA7DA7}"
EndProject
Project("{2150E333-8FDC-42A3-9474-1A3956D46DE8}") = "Planner", "Planner", "{4C39170F-9FF9-4FA0-A1D8-87026EFB161D}"
EndProject
Project("{8BC9CEB8-8B4A-11D0-8D11-00A0C91BC942}") = "Planner", "Builder\Planner\Planner.vcxproj", "{67EA60DE-C0B3-4CFC-BB41-8A69E15AEAF1}"
EndProject
Project("{2150E333-8FDC-42A3-9474-1A3956D46DE8}") = "解决方案项", "解决方案项", "{9FA3D6BD-1EC1-3BA5-80CB-CE02773A58D5}"
	ProjectSection(SolutionItems) = preProject
		README.md = README.md
	EndProjectSection
EndProject
Project("{2150E333-8FDC-42A3-9474-1A3956D46DE8}") = "ChainOfResponsibility", "ChainOfResponsibility", "{4D84D9F6-4A24-4B3E-9987-198D5F916E3E}"
EndProject
Project("{2150E333-8FDC-42A3-9474-1A3956D46DE8}") = "GumballEMailHandler", "GumballEMailHandler", "{15E7D26B-E9C7-44D7-8052-C3AAA72D73D0}"
EndProject
Project("{8BC9CEB8-8B4A-11D0-8D11-00A0C91BC942}") = "GumballEMailHandler", "ChainOfResponsibility\GumballEMailHandler\GumballEMailHandler.vcxproj", "{F8F3FA3A-1C4A-4876-8062-97A7F727E89A}"
EndProject
Project("{2150E333-8FDC-42A3-9474-1A3956D46DE8}") = "Command", "Command", "{C233F492-FEAB-4654-8AB3-3A7315758FBC}"
EndProject
Project("{2150E333-8FDC-42A3-9474-1A3956D46DE8}") = "Remote", "Remote", "{0C240012-F859-45F0-87FC-6EDD8813E9BF}"
EndProject
Project("{2150E333-8FDC-42A3-9474-1A3956D46DE8}") = "SimpleRemote", "SimpleRemote", "{91B22170-1101-442E-9BB4-593C64ABC3B2}"
EndProject
Project("{2150E333-8FDC-42A3-9474-1A3956D46DE8}") = "Undo", "Undo", "{C67B2919-960E-442D-8967-C4075A388F93}"
EndProject
Project("{8BC9CEB8-8B4A-11D0-8D11-00A0C91BC942}") = "Remote", "Command\Remote\Remote.vcxproj", "{A8A50AAA-0575-4208-8906-9A51F871F7FE}"
EndProject
Project("{8BC9CEB8-8B4A-11D0-8D11-00A0C91BC942}") = "SimpleRemote", "Command\SimpleRemote\SimpleRemote.vcxproj", "{320E7489-DFD2-4BFF-A838-987E03EBF87E}"
EndProject
Project("{8BC9CEB8-8B4A-11D0-8D11-00A0C91BC942}") = "Undo", "Command\Undo\Undo.vcxproj", "{A52666B2-8685-4F6E-8CD0-2F7585C29A5E}"
EndProject
Project("{2150E333-8FDC-42A3-9474-1A3956D46DE8}") = "Composite", "Composite", "{AA53DECD-299D-4D0C-BC26-870F762FB8E9}"
EndProject
Project("{2150E333-8FDC-42A3-9474-1A3956D46DE8}") = "Menus", "Menus", "{47076A57-C547-471D-8CF4-FDA5558C1001}"
EndProject
Project("{8BC9CEB8-8B4A-11D0-8D11-00A0C91BC942}") = "Menus", "Composite\Menus\Menus.vcxproj", "{5F56DDBF-0560-4AD8-8DF5-CE2070860B36}"
EndProject
Project("{2150E333-8FDC-42A3-9474-1A3956D46DE8}") = "Decorator", "Decorator", "{32FFC576-C716-49E0-BA39-4554AA6EC735}"
EndProject
Project("{2150E333-8FDC-42A3-9474-1A3956D46DE8}") = "Starbuzz", "Starbuzz", "{AFEED208-31DE-4F04-BDA1-6E874B6F4BE4}"
EndProject
Project("{8BC9CEB8-8B4A-11D0-8D11-00A0C91BC942}") = "Starbuzz", "Decorator\Starbuzz\Starbuzz.vcxproj", "{E3193C19-7734-4E9B-8D35-6A5354E7343E}"
EndProject
Project("{2150E333-8FDC-42A3-9474-1A3956D46DE8}") = "Facade", "Facade", "{B56DBC85-B62D-480E-934E-0320D46780A5}"
EndProject
Project("{2150E333-8FDC-42A3-9474-1A3956D46DE8}") = "HomeTheater", "HomeTheater", "{31438021-9C2C-4720-B289-60194FA32383}"
EndProject
Project("{8BC9CEB8-8B4A-11D0-8D11-00A0C91BC942}") = "HomeTheater", "Facade\HomeTheater\HomeTheater.vcxproj", "{6E14BC29-0572-4FAB-BC88-6F9CAB4E2515}"
EndProject
Project("{2150E333-8FDC-42A3-9474-1A3956D46DE8}") = "Factory", "Factory", "{3BEBFB01-EACD-4DA7-81BE-D004E8BA9544}"
EndProject
Project("{2150E333-8FDC-42A3-9474-1A3956D46DE8}") = "Pizzaaf", "Pizzaaf", "{AAFFF3E2-D55A-4C3B-BC61-2AAC5C6A8452}"
EndProject
Project("{2150E333-8FDC-42A3-9474-1A3956D46DE8}") = "Pizzafm", "Pizzafm", "{112D659F-CFC7-4C25-A600-2418A5D4C0FF}"
EndProject
Project("{2150E333-8FDC-42A3-9474-1A3956D46DE8}") = "Pizzas", "Pizzas", "{1478D9F0-A275-4205-AF58-640D1CF1C400}"
EndProject
Project("{8BC9CEB8-8B4A-11D0-8D11-00A0C91BC942}") = "Pizzaaf", "Factory\Pizzaaf\Pizzaaf.vcxproj", "{8416C316-DF98-4F43-BA11-33469F7E63B8}"
EndProject
Project("{8BC9CEB8-8B4A-11D0-8D11-00A0C91BC942}") = "Pizzafm", "Factory\Pizzafm\Pizzafm.vcxproj", "{253C86D9-9247-4983-9057-82D1E5A75202}"
EndProject
Project("{8BC9CEB8-8B4A-11D0-8D11-00A0C91BC942}") = "Pizzas", "Factory\Pizzas\Pizzas.vcxproj", "{4A1E09EA-835A-450F-914B-E8617DE9B364}"
EndProject
Global
	GlobalSection(SolutionConfigurationPlatforms) = preSolution
		Debug|x64 = Debug|x64
		Debug|x86 = Debug|x86
		Release|x64 = Release|x64
		Release|x86 = Release|x86
	EndGlobalSection
	GlobalSection(ProjectConfigurationPlatforms) = postSolution
		{F3F100E1-096F-48DF-A0C6-DCE1C8FABD4E}.Debug|x64.ActiveCfg = Debug|x64
		{F3F100E1-096F-48DF-A0C6-DCE1C8FABD4E}.Debug|x64.Build.0 = Debug|x64
		{F3F100E1-096F-48DF-A0C6-DCE1C8FABD4E}.Debug|x86.ActiveCfg = Debug|Win32
		{F3F100E1-096F-48DF-A0C6-DCE1C8FABD4E}.Debug|x86.Build.0 = Debug|Win32
		{F3F100E1-096F-48DF-A0C6-DCE1C8FABD4E}.Release|x64.ActiveCfg = Release|x64
		{F3F100E1-096F-48DF-A0C6-DCE1C8FABD4E}.Release|x64.Build.0 = Release|x64
		{F3F100E1-096F-48DF-A0C6-DCE1C8FABD4E}.Release|x86.ActiveCfg = Release|Win32
		{F3F100E1-096F-48DF-A0C6-DCE1C8FABD4E}.Release|x86.Build.0 = Release|Win32
		{CC5CBD0A-40C6-42E5-ADE9-685FF8EAE914}.Debug|x64.ActiveCfg = Debug|x64
		{CC5CBD0A-40C6-42E5-ADE9-685FF8EAE914}.Debug|x64.Build.0 = Debug|x64
		{CC5CBD0A-40C6-42E5-ADE9-685FF8EAE914}.Debug|x86.ActiveCfg = Debug|Win32
		{CC5CBD0A-40C6-42E5-ADE9-685FF8EAE914}.Debug|x86.Build.0 = Debug|Win32
		{CC5CBD0A-40C6-42E5-ADE9-685FF8EAE914}.Release|x64.ActiveCfg = Release|x64
		{CC5CBD0A-40C6-42E5-ADE9-685FF8EAE914}.Release|x64.Build.0 = Release|x64
		{CC5CBD0A-40C6-42E5-ADE9-685FF8EAE914}.Release|x86.ActiveCfg = Release|Win32
		{CC5CBD0A-40C6-42E5-ADE9-685FF8EAE914}.Release|x86.Build.0 = Release|Win32
		{67EA60DE-C0B3-4CFC-BB41-8A69E15AEAF1}.Debug|x64.ActiveCfg = Debug|x64
		{67EA60DE-C0B3-4CFC-BB41-8A69E15AEAF1}.Debug|x64.Build.0 = Debug|x64
		{67EA60DE-C0B3-4CFC-BB41-8A69E15AEAF1}.Debug|x86.ActiveCfg = Debug|Win32
		{67EA60DE-C0B3-4CFC-BB41-8A69E15AEAF1}.Debug|x86.Build.0 = Debug|Win32
		{67EA60DE-C0B3-4CFC-BB41-8A69E15AEAF1}.Release|x64.ActiveCfg = Release|x64
		{67EA60DE-C0B3-4CFC-BB41-8A69E15AEAF1}.Release|x64.Build.0 = Release|x64
		{67EA60DE-C0B3-4CFC-BB41-8A69E15AEAF1}.Release|x86.ActiveCfg = Release|Win32
		{67EA60DE-C0B3-4CFC-BB41-8A69E15AEAF1}.Release|x86.Build.0 = Release|Win32
		{F8F3FA3A-1C4A-4876-8062-97A7F727E89A}.Debug|x64.ActiveCfg = Debug|x64
		{F8F3FA3A-1C4A-4876-8062-97A7F727E89A}.Debug|x64.Build.0 = Debug|x64
		{F8F3FA3A-1C4A-4876-8062-97A7F727E89A}.Debug|x86.ActiveCfg = Debug|Win32
		{F8F3FA3A-1C4A-4876-8062-97A7F727E89A}.Debug|x86.Build.0 = Debug|Win32
		{F8F3FA3A-1C4A-4876-8062-97A7F727E89A}.Release|x64.ActiveCfg = Release|x64
		{F8F3FA3A-1C4A-4876-8062-97A7F727E89A}.Release|x64.Build.0 = Release|x64
		{F8F3FA3A-1C4A-4876-8062-97A7F727E89A}.Release|x86.ActiveCfg = Release|Win32
		{F8F3FA3A-1C4A-4876-8062-97A7F727E89A}.Release|x86.Build.0 = Release|Win32
		{A8A50AAA-0575-4208-8906-9A51F871F7FE}.Debug|x64.ActiveCfg = Debug|x64
		{A8A50AAA-0575-4208-8906-9A51F871F7FE}.Debug|x64.Build.0 = Debug|x64
		{A8A50AAA-0575-4208-8906-9A51F871F7FE}.Debug|x86.ActiveCfg = Debug|Win32
		{A8A50AAA-0575-4208-8906-9A51F871F7FE}.Debug|x86.Build.0 = Debug|Win32
		{A8A50AAA-0575-4208-8906-9A51F871F7FE}.Release|x64.ActiveCfg = Release|x64
		{A8A50AAA-0575-4208-8906-9A51F871F7FE}.Release|x64.Build.0 = Release|x64
		{A8A50AAA-0575-4208-8906-9A51F871F7FE}.Release|x86.ActiveCfg = Release|Win32
		{A8A50AAA-0575-4208-8906-9A51F871F7FE}.Release|x86.Build.0 = Release|Win32
		{320E7489-DFD2-4BFF-A838-987E03EBF87E}.Debug|x64.ActiveCfg = Debug|x64
		{320E7489-DFD2-4BFF-A838-987E03EBF87E}.Debug|x64.Build.0 = Debug|x64
		{320E7489-DFD2-4BFF-A838-987E03EBF87E}.Debug|x86.ActiveCfg = Debug|Win32
		{320E7489-DFD2-4BFF-A838-987E03EBF87E}.Debug|x86.Build.0 = Debug|Win32
		{320E7489-DFD2-4BFF-A838-987E03EBF87E}.Release|x64.ActiveCfg = Release|x64
		{320E7489-DFD2-4BFF-A838-987E03EBF87E}.Release|x64.Build.0 = Release|x64
		{320E7489-DFD2-4BFF-A838-987E03EBF87E}.Release|x86.ActiveCfg = Release|Win32
		{320E7489-DFD2-4BFF-A838-987E03EBF87E}.Release|x86.Build.0 = Release|Win32
		{A52666B2-8685-4F6E-8CD0-2F7585C29A5E}.Debug|x64.ActiveCfg = Debug|x64
		{A52666B2-8685-4F6E-8CD0-2F7585C29A5E}.Debug|x64.Build.0 = Debug|x64
		{A52666B2-8685-4F6E-8CD0-2F7585C29A5E}.Debug|x86.ActiveCfg = Debug|Win32
		{A52666B2-8685-4F6E-8CD0-2F7585C29A5E}.Debug|x86.Build.0 = Debug|Win32
		{A52666B2-8685-4F6E-8CD0-2F7585C29A5E}.Release|x64.ActiveCfg = Release|x64
		{A52666B2-8685-4F6E-8CD0-2F7585C29A5E}.Release|x64.Build.0 = Release|x64
		{A52666B2-8685-4F6E-8CD0-2F7585C29A5E}.Release|x86.ActiveCfg = Release|Win32
		{A52666B2-8685-4F6E-8CD0-2F7585C29A5E}.Release|x86.Build.0 = Release|Win32
		{5F56DDBF-0560-4AD8-8DF5-CE2070860B36}.Debug|x64.ActiveCfg = Debug|x64
		{5F56DDBF-0560-4AD8-8DF5-CE2070860B36}.Debug|x64.Build.0 = Debug|x64
		{5F56DDBF-0560-4AD8-8DF5-CE2070860B36}.Debug|x86.ActiveCfg = Debug|Win32
		{5F56DDBF-0560-4AD8-8DF5-CE2070860B36}.Debug|x86.Build.0 = Debug|Win32
		{5F56DDBF-0560-4AD8-8DF5-CE2070860B36}.Release|x64.ActiveCfg = Release|x64
		{5F56DDBF-0560-4AD8-8DF5-CE2070860B36}.Release|x64.Build.0 = Release|x64
		{5F56DDBF-0560-4AD8-8DF5-CE2070860B36}.Release|x86.ActiveCfg = Release|Win32
		{5F56DDBF-0560-4AD8-8DF5-CE2070860B36}.Release|x86.Build.0 = Release|Win32
		{E3193C19-7734-4E9B-8D35-6A5354E7343E}.Debug|x64.ActiveCfg = Debug|x64
		{E3193C19-7734-4E9B-8D35-6A5354E7343E}.Debug|x64.Build.0 = Debug|x64
		{E3193C19-7734-4E9B-8D35-6A5354E7343E}.Debug|x86.ActiveCfg = Debug|Win32
		{E3193C19-7734-4E9B-8D35-6A5354E7343E}.Debug|x86.Build.0 = Debug|Win32
		{E3193C19-7734-4E9B-8D35-6A5354E7343E}.Release|x64.ActiveCfg = Release|x64
		{E3193C19-7734-4E9B-8D35-6A5354E7343E}.Release|x64.Build.0 = Release|x64
		{E3193C19-7734-4E9B-8D35-6A5354E7343E}.Release|x86.ActiveCfg = Release|Win32
		{E3193C19-7734-4E9B-8D35-6A5354E7343E}.Release|x86.Build.0 = Release|Win32
		{6E14BC29-0572-4FAB-BC88-6F9CAB4E2515}.Debug|x64.ActiveCfg = Debug|x64
		{6E14BC29-0572-4FAB-BC88-6F9CAB4E2515}.Debug|x64.Build.0 = Debug|x64
		{6E14BC29-0572-4FAB-BC88-6F9CAB4E2515}.Debug|x86.ActiveCfg = Debug|Win32
		{6E14BC29-0572-4FAB-BC88-6F9CAB4E2515}.Debug|x86.Build.0 = Debug|Win32
		{6E14BC29-0572-4FAB-BC88-6F9CAB4E2515}.Release|x64.ActiveCfg = Release|x64
		{6E14BC29-0572-4FAB-BC88-6F9CAB4E2515}.Release|x64.Build.0 = Release|x64
		{6E14BC29-0572-4FAB-BC88-6F9CAB4E2515}.Release|x86.ActiveCfg = Release|Win32
		{6E14BC29-0572-4FAB-BC88-6F9CAB4E2515}.Release|x86.Build.0 = Release|Win32
		{8416C316-DF98-4F43-BA11-33469F7E63B8}.Debug|x64.ActiveCfg = Debug|x64
		{8416C316-DF98-4F43-BA11-33469F7E63B8}.Debug|x64.Build.0 = Debug|x64
		{8416C316-DF98-4F43-BA11-33469F7E63B8}.Debug|x86.ActiveCfg = Debug|Win32
		{8416C316-DF98-4F43-BA11-33469F7E63B8}.Debug|x86.Build.0 = Debug|Win32
		{8416C316-DF98-4F43-BA11-33469F7E63B8}.Release|x64.ActiveCfg = Release|x64
		{8416C316-DF98-4F43-BA11-33469F7E63B8}.Release|x64.Build.0 = Release|x64
		{8416C316-DF98-4F43-BA11-33469F7E63B8}.Release|x86.ActiveCfg = Release|Win32
		{8416C316-DF98-4F43-BA11-33469F7E63B8}.Release|x86.Build.0 = Release|Win32
		{253C86D9-9247-4983-9057-82D1E5A75202}.Debug|x64.ActiveCfg = Debug|x64
		{253C86D9-9247-4983-9057-82D1E5A75202}.Debug|x64.Build.0 = Debug|x64
		{253C86D9-9247-4983-9057-82D1E5A75202}.Debug|x86.ActiveCfg = Debug|Win32
		{253C86D9-9247-4983-9057-82D1E5A75202}.Debug|x86.Build.0 = Debug|Win32
		{253C86D9-9247-4983-9057-82D1E5A75202}.Release|x64.ActiveCfg = Release|x64
		{253C86D9-9247-4983-9057-82D1E5A75202}.Release|x64.Build.0 = Release|x64
		{253C86D9-9247-4983-9057-82D1E5A75202}.Release|x86.ActiveCfg = Release|Win32
		{253C86D9-9247-4983-9057-82D1E5A75202}.Release|x86.Build.0 = Release|Win32
		{4A1E09EA-835A-450F-914B-E8617DE9B364}.Debug|x64.ActiveCfg = Debug|x64
		{4A1E09EA-835A-450F-914B-E8617DE9B364}.Debug|x64.Build.0 = Debug|x64
		{4A1E09EA-835A-450F-914B-E8617DE9B364}.Debug|x86.ActiveCfg = Debug|Win32
		{4A1E09EA-835A-450F-914B-E8617DE9B364}.Debug|x86.Build.0 = Debug|Win32
		{4A1E09EA-835A-450F-914B-E8617DE9B364}.Release|x64.ActiveCfg = Release|x64
		{4A1E09EA-835A-450F-914B-E8617DE9B364}.Release|x64.Build.0 = Release|x64
		{4A1E09EA-835A-450F-914B-E8617DE9B364}.Release|x86.ActiveCfg = Release|Win32
		{4A1E09EA-835A-450F-914B-E8617DE9B364}.Release|x86.Build.0 = Release|Win32
	EndGlobalSection
	GlobalSection(SolutionProperties) = preSolution
		HideSolutionNode = FALSE
	EndGlobalSection
	GlobalSection(NestedProjects) = preSolution
		{41AA48A3-462F-46C1-86A5-7385AE65C445} = {02EA681E-C7D8-13C7-8484-4AC65E1B71E8}
		{F3F100E1-096F-48DF-A0C6-DCE1C8FABD4E} = {41AA48A3-462F-46C1-86A5-7385AE65C445}
		{252E51FB-DC6C-42D6-9343-988DC29C72A7} = {9FB6D879-EE32-41C5-9CA4-8979EFCA7753}
		{CC5CBD0A-40C6-42E5-ADE9-685FF8EAE914} = {252E51FB-DC6C-42D6-9343-988DC29C72A7}
		{4C39170F-9FF9-4FA0-A1D8-87026EFB161D} = {83E61AD8-B554-4A14-9E9D-7880BCFA7DA7}
		{67EA60DE-C0B3-4CFC-BB41-8A69E15AEAF1} = {4C39170F-9FF9-4FA0-A1D8-87026EFB161D}
		{15E7D26B-E9C7-44D7-8052-C3AAA72D73D0} = {4D84D9F6-4A24-4B3E-9987-198D5F916E3E}
		{F8F3FA3A-1C4A-4876-8062-97A7F727E89A} = {15E7D26B-E9C7-44D7-8052-C3AAA72D73D0}
		{0C240012-F859-45F0-87FC-6EDD8813E9BF} = {C233F492-FEAB-4654-8AB3-3A7315758FBC}
		{91B22170-1101-442E-9BB4-593C64ABC3B2} = {C233F492-FEAB-4654-8AB3-3A7315758FBC}
		{C67B2919-960E-442D-8967-C4075A388F93} = {C233F492-FEAB-4654-8AB3-3A7315758FBC}
		{A8A50AAA-0575-4208-8906-9A51F871F7FE} = {0C240012-F859-45F0-87FC-6EDD8813E9BF}
		{320E7489-DFD2-4BFF-A838-987E03EBF87E} = {91B22170-1101-442E-9BB4-593C64ABC3B2}
		{A52666B2-8685-4F6E-8CD0-2F7585C29A5E} = {C67B2919-960E-442D-8967-C4075A388F93}
		{47076A57-C547-471D-8CF4-FDA5558C1001} = {AA53DECD-299D-4D0C-BC26-870F762FB8E9}
		{5F56DDBF-0560-4AD8-8DF5-CE2070860B36} = {47076A57-C547-471D-8CF4-FDA5558C1001}
		{AFEED208-31DE-4F04-BDA1-6E874B6F4BE4} = {32FFC576-C716-49E0-BA39-4554AA6EC735}
		{E3193C19-7734-4E9B-8D35-6A5354E7343E} = {AFEED208-31DE-4F04-BDA1-6E874B6F4BE4}
		{31438021-9C2C-4720-B289-60194FA32383} = {B56DBC85-B62D-480E-934E-0320D46780A5}
		{6E14BC29-0572-4FAB-BC88-6F9CAB4E2515} = {31438021-9C2C-4720-B289-60194FA32383}
		{AAFFF3E2-D55A-4C3B-BC61-2AAC5C6A8452} = {3BEBFB01-EACD-4DA7-81BE-D004E8BA9544}
		{112D659F-CFC7-4C25-A600-2418A5D4C0FF} = {3BEBFB01-EACD-4DA7-81BE-D004E8BA9544}
		{1478D9F0-A275-4205-AF58-640D1CF1C400} = {3BEBFB01-EACD-4DA7-81BE-D004E8BA9544}
		{8416C316-DF98-4F43-BA11-33469F7E63B8} = {AAFFF3E2-D55A-4C3B-BC61-2AAC5C6A8452}
		{253C86D9-9247-4983-9057-82D1E5A75202} = {112D659F-CFC7-4C25-A600-2418A5D4C0FF}
		{4A1E09EA-835A-450F-914B-E8617DE9B364} = {1478D9F0-A275-4205-AF58-640D1CF1C400}
	EndGlobalSection
	GlobalSection(ExtensibilityGlobals) = postSolution
		SolutionGuid = {668FAC01-C3BC-4865-A94F-D36E731D899F}
	EndGlobalSection
EndGlobal
